{
  "name": "@maschinenlesbar.org/openka-cli",
  "version": "0.0.1",
  "lockfileVersion": 3,
  "requires": true,
  "packages": {
    "": {
      "name": "@maschinenlesbar.org/openka-cli",
      "version": "0.0.1",
      "bundleDependencies": [
        "@maschinenlesbar.org/openka-cli-ka",
        "@maschinenlesbar.org/openka-cli-ka-factory",
        "@maschinenlesbar.org/openka-connector-baden-wuerttemberg",
        "@maschinenlesbar.org/openka-connector-bayern",
        "@maschinenlesbar.org/openka-connector-berlin",
        "@maschinenlesbar.org/openka-connector-brandenburg",
        "@maschinenlesbar.org/openka-connector-bremen",
        "@maschinenlesbar.org/openka-connector-bund",
        "@maschinenlesbar.org/openka-connector-hamburg",
        "@maschinenlesbar.org/openka-connector-hessen",
        "@maschinenlesbar.org/openka-connector-mecklenburg-vorpommern",
        "@maschinenlesbar.org/openka-connector-niedersachsen",
        "@maschinenlesbar.org/openka-connector-nordrhein-westfalen",
        "@maschinenlesbar.org/openka-connector-rheinland-pfalz",
        "@maschinenlesbar.org/openka-connector-saarland",
        "@maschinenlesbar.org/openka-connector-sachsen",
        "@maschinenlesbar.org/openka-connector-sachsen-anhalt",
        "@maschinenlesbar.org/openka-connector-schleswig-holstein",
        "@maschinenlesbar.org/openka-connector-thueringen",
        "@maschinenlesbar.org/openka-lib-errors",
        "@maschinenlesbar.org/openka-lib-extract",
        "@maschinenlesbar.org/openka-lib-http",
        "@maschinenlesbar.org/openka-lib-models",
        "@maschinenlesbar.org/openka-lib-pardok",
        "@maschinenlesbar.org/openka-lib-parlamentsspiegel",
        "@maschinenlesbar.org/openka-lib-pdf",
        "@maschinenlesbar.org/openka-lib-perceive",
        "@maschinenlesbar.org/openka-lib-pipeline",
        "@maschinenlesbar.org/openka-lib-registry",
        "@maschinenlesbar.org/openka-lib-render",
        "@maschinenlesbar.org/openka-lib-repro",
        "@maschinenlesbar.org/openka-lib-search",
        "@maschinenlesbar.org/openka-lib-source",
        "@maschinenlesbar.org/openka-lib-store",
        "@maschinenlesbar.org/openka-lib-text",
        "@maschinenlesbar.org/openka-lib-verify"
      ],
      "license": "AGPL-3.0-or-later",
      "workspaces": [
        "packages/*"
      ],
      "dependencies": {
        "@maschinenlesbar.org/openka-cli-ka": "0.0.1",
        "@maschinenlesbar.org/openka-cli-ka-factory": "0.0.1",
        "@maschinenlesbar.org/openka-connector-baden-wuerttemberg": "0.0.1",
        "@maschinenlesbar.org/openka-connector-bayern": "0.0.1",
        "@maschinenlesbar.org/openka-connector-berlin": "0.0.1",
        "@maschinenlesbar.org/openka-connector-brandenburg": "0.0.1",
        "@maschinenlesbar.org/openka-connector-bremen": "0.0.1",
        "@maschinenlesbar.org/openka-connector-bund": "0.0.1",
        "@maschinenlesbar.org/openka-connector-hamburg": "0.0.1",
        "@maschinenlesbar.org/openka-connector-hessen": "0.0.1",
        "@maschinenlesbar.org/openka-connector-mecklenburg-vorpommern": "0.0.1",
        "@maschinenlesbar.org/openka-connector-niedersachsen": "0.0.1",
        "@maschinenlesbar.org/openka-connector-nordrhein-westfalen": "0.0.1",
        "@maschinenlesbar.org/openka-connector-rheinland-pfalz": "0.0.1",
        "@maschinenlesbar.org/openka-connector-saarland": "0.0.1",
        "@maschinenlesbar.org/openka-connector-sachsen": "0.0.1",
        "@maschinenlesbar.org/openka-connector-sachsen-anhalt": "0.0.1",
        "@maschinenlesbar.org/openka-connector-schleswig-holstein": "0.0.1",
        "@maschinenlesbar.org/openka-connector-thueringen": "0.0.1",
        "@maschinenlesbar.org/openka-lib-errors": "0.0.1",
        "@maschinenlesbar.org/openka-lib-extract": "0.0.1",
        "@maschinenlesbar.org/openka-lib-http": "0.0.1",
        "@maschinenlesbar.org/openka-lib-models": "0.0.1",
        "@maschinenlesbar.org/openka-lib-pardok": "0.0.1",
        "@maschinenlesbar.org/openka-lib-parlamentsspiegel": "0.0.1",
        "@maschinenlesbar.org/openka-lib-pdf": "0.0.1",
        "@maschinenlesbar.org/openka-lib-perceive": "0.0.1",
        "@maschinenlesbar.org/openka-lib-pipeline": "0.0.1",
        "@maschinenlesbar.org/openka-lib-registry": "0.0.1",
        "@maschinenlesbar.org/openka-lib-render": "0.0.1",
        "@maschinenlesbar.org/openka-lib-repro": "0.0.1",
        "@maschinenlesbar.org/openka-lib-search": "0.0.1",
        "@maschinenlesbar.org/openka-lib-source": "0.0.1",
        "@maschinenlesbar.org/openka-lib-store": "0.0.1",
        "@maschinenlesbar.org/openka-lib-text": "0.0.1",
        "@maschinenlesbar.org/openka-lib-verify": "0.0.1"
      },
      "bin": {
        "ka": "dist/src/bin/ka.js",
        "ka-factory": "dist/src/bin/ka-factory.js"
      },
      "devDependencies": {
        "@types/node": "^26.5.1",
        "typescript": "7.0.2"
      },
      "engines": {
        "node": ">=20"
      },
      "funding": {
        "type": "github",
        "url": "https://github.com/sponsors/sebs"
      },
      "peerDependencies": {
        "tesseract.js": ">=5"
      },
      "peerDependenciesMeta": {
        "tesseract.js": {
          "optional": true
        }
      }
    },
    "node_modules/@maschinenlesbar.org/openka-cli-ka": {
      "resolved": "packages/cli-ka",
      "link": true
    },
    "node_modules/@maschinenlesbar.org/openka-cli-ka-factory": {
      "resolved": "packages/cli-ka-factory",
      "link": true
    },
    "node_modules/@maschinenlesbar.org/openka-connector-baden-wuerttemberg": {
      "resolved": "packages/connector-baden-wuerttemberg",
      "link": true
    },
    "node_modules/@maschinenlesbar.org/openka-connector-bayern": {
      "resolved": "packages/connector-bayern",
      "link": true
    },
    "node_modules/@maschinenlesbar.org/openka-connector-berlin": {
      "resolved": "packages/connector-berlin",
      "link": true
    },
    "node_modules/@maschinenlesbar.org/openka-connector-brandenburg": {
      "resolved": "packages/connector-brandenburg",
      "link": true
    },
    "node_modules/@maschinenlesbar.org/openka-connector-bremen": {
      "resolved": "packages/connector-bremen",
      "link": true
    },
    "node_modules/@maschinenlesbar.org/openka-connector-bund": {
      "resolved": "packages/connector-bund",
      "link": true
    },
    "node_modules/@maschinenlesbar.org/openka-connector-hamburg": {
      "resolved": "packages/connector-hamburg",
      "link": true
    },
    "node_modules/@maschinenlesbar.org/openka-connector-hessen": {
      "resolved": "packages/connector-hessen",
      "link": true
    },
    "node_modules/@maschinenlesbar.org/openka-connector-mecklenburg-vorpommern": {
      "resolved": "packages/connector-mecklenburg-vorpommern",
      "link": true
    },
    "node_modules/@maschinenlesbar.org/openka-connector-niedersachsen": {
      "resolved": "packages/connector-niedersachsen",
      "link": true
    },
    "node_modules/@maschinenlesbar.org/openka-connector-nordrhein-westfalen": {
      "resolved": "packages/connector-nordrhein-westfalen",
      "link": true
    },
    "node_modules/@maschinenlesbar.org/openka-connector-rheinland-pfalz": {
      "resolved": "packages/connector-rheinland-pfalz",
      "link": true
    },
    "node_modules/@maschinenlesbar.org/openka-connector-saarland": {
      "resolved": "packages/connector-saarland",
      "link": true
    },
    "node_modules/@maschinenlesbar.org/openka-connector-sachsen": {
      "resolved": "packages/connector-sachsen",
      "link": true
    },
    "node_modules/@maschinenlesbar.org/openka-connector-sachsen-anhalt": {
      "resolved": "packages/connector-sachsen-anhalt",
      "link": true
    },
    "node_modules/@maschinenlesbar.org/openka-connector-schleswig-holstein": {
      "resolved": "packages/connector-schleswig-holstein",
      "link": true
    },
    "node_modules/@maschinenlesbar.org/openka-connector-thueringen": {
      "resolved": "packages/connector-thueringen",
      "link": true
    },
    "node_modules/@maschinenlesbar.org/openka-lib-errors": {
      "resolved": "packages/lib-errors",
      "link": true
    },
    "node_modules/@maschinenlesbar.org/openka-lib-extract": {
      "resolved": "packages/lib-extract",
      "link": true
    },
    "node_modules/@maschinenlesbar.org/openka-lib-http": {
      "resolved": "packages/lib-http",
      "link": true
    },
    "node_modules/@maschinenlesbar.org/openka-lib-models": {
      "resolved": "packages/lib-models",
      "link": true
    },
    "node_modules/@maschinenlesbar.org/openka-lib-pardok": {
      "resolved": "packages/lib-pardok",
      "link": true
    },
    "node_modules/@maschinenlesbar.org/openka-lib-parlamentsspiegel": {
      "resolved": "packages/lib-parlamentsspiegel",
      "link": true
    },
    "node_modules/@maschinenlesbar.org/openka-lib-parldok": {
      "resolved": "packages/lib-parldok",
      "link": true
    },
    "node_modules/@maschinenlesbar.org/openka-lib-pdf": {
      "resolved": "packages/lib-pdf",
      "link": true
    },
    "node_modules/@maschinenlesbar.org/openka-lib-perceive": {
      "resolved": "packages/lib-perceive",
      "link": true
    },
    "node_modules/@maschinenlesbar.org/openka-lib-pipeline": {
      "resolved": "packages/lib-pipeline",
      "link": true
    },
    "node_modules/@maschinenlesbar.org/openka-lib-registry": {
      "resolved": "packages/lib-registry",
      "link": true
    },
    "node_modules/@maschinenlesbar.org/openka-lib-render": {
      "resolved": "packages/lib-render",
      "link": true
    },
    "node_modules/@maschinenlesbar.org/openka-lib-repro": {
      "resolved": "packages/lib-repro",
      "link": true
    },
    "node_modules/@maschinenlesbar.org/openka-lib-search": {
      "resolved": "packages/lib-search",
      "link": true
    },
    "node_modules/@maschinenlesbar.org/openka-lib-source": {
      "resolved": "packages/lib-source",
      "link": true
    },
    "node_modules/@maschinenlesbar.org/openka-lib-store": {
      "resolved": "packages/lib-store",
      "link": true
    },
    "node_modules/@maschinenlesbar.org/openka-lib-testing": {
      "resolved": "packages/lib-testing",
      "link": true
    },
    "node_modules/@maschinenlesbar.org/openka-lib-text": {
      "resolved": "packages/lib-text",
      "link": true
    },
    "node_modules/@maschinenlesbar.org/openka-lib-verify": {
      "resolved": "packages/lib-verify",
      "link": true
    },
    "node_modules/@types/node": {
      "version": "26.6.2",
      "resolved": "https://registry.npmjs.org/@types/node/-/node-26.6.2.tgz",
      "integrity": "sha512-X1P21scMv4zGKLYqjdGjaKa7COa0RKVYYZZN/NfvLQ1JegxFhdhpZG/Lyn8AXx6CDUavKAd11v6BvfpkDByK8g==",
      "dev": true,
      "license": "MIT",
      "dependencies": {
        "undici-types": "~8.9.0"
      }
    },
    "node_modules/@typescript/typescript-aix-ppc64": {
      "version": "7.0.2",
      "resolved": "https://registry.npmjs.org/@typescript/typescript-aix-ppc64/-/typescript-aix-ppc64-7.0.2.tgz",
      "integrity": "sha512-MTKKkWB7p/0E9xi1d1tHtZ5PiLkGEMIq88pK2CubZjOsLtYTLqhgIgi6zepFa+9GHZ6h05NMCkQxGKiPXMxXtQ==",
      "cpu": [
        "ppc64"
      ],
      "dev": true,
      "license": "Apache-2.0",
      "optional": true,
      "os": [
        "aix"
      ],
      "engines": {
        "node": ">=16.20.0"
      }
    },
    "node_modules/@typescript/typescript-darwin-arm64": {
      "version": "7.0.2",
      "resolved": "https://registry.npmjs.org/@typescript/typescript-darwin-arm64/-/typescript-darwin-arm64-7.0.2.tgz",
      "integrity": "sha512-gowzar9MwS/aRWp6f3a4KUqzRjAZjOsmGNCM6LcTgXum+dBfgsBVMN+AgvOCCbguXyick6LJhpBszxMebJ8syA==",
      "cpu": [
        "arm64"
      ],
      "dev": true,
      "license": "Apache-2.0",
      "optional": true,
      "os": [
        "darwin"
      ],
      "engines": {
        "node": ">=16.20.0"
      }
    },
    "node_modules/@typescript/typescript-darwin-x64": {
      "version": "7.0.2",
      "resolved": "https://registry.npmjs.org/@typescript/typescript-darwin-x64/-/typescript-darwin-x64-7.0.2.tgz",
      "integrity": "sha512-SZ9xZInqApNlNGc9s0W1VSsktYSOe9cFqNOIqmN1Gs8SmkjKZYFt017G4VwPxASInODuAdbTW7sXiFUf893RgA==",
      "cpu": [
        "x64"
      ],
      "dev": true,
      "license": "Apache-2.0",
      "optional": true,
      "os": [
        "darwin"
      ],
      "engines": {
        "node": ">=16.20.0"
      }
    },
    "node_modules/@typescript/typescript-freebsd-arm64": {
      "version": "7.0.2",
      "resolved": "https://registry.npmjs.org/@typescript/typescript-freebsd-arm64/-/typescript-freebsd-arm64-7.0.2.tgz",
      "integrity": "sha512-W5NH4y/J0plIIS5b2xvTEkU7JFxyqdMAOgf+Ilhl0vHQXKO5dZoxd+C/jEtq56c4F3wk71RB4BMRQ2XdI+bwYQ==",
      "cpu": [
        "arm64"
      ],
      "dev": true,
      "license": "Apache-2.0",
      "optional": true,
      "os": [
        "freebsd"
      ],
      "engines": {
        "node": ">=16.20.0"
      }
    },
    "node_modules/@typescript/typescript-freebsd-x64": {
      "version": "7.0.2",
      "resolved": "https://registry.npmjs.org/@typescript/typescript-freebsd-x64/-/typescript-freebsd-x64-7.0.2.tgz",
      "integrity": "sha512-UMGDx5sTpzNw3WiPebH7l90IWfJggEd+egHt/q6p7/Cm3zqoV7VxkGXt+3DxPIw8CcmvAB0j3sVVfbhX+M4Tpw==",
      "cpu": [
        "x64"
      ],
      "dev": true,
      "license": "Apache-2.0",
      "optional": true,
      "os": [
        "freebsd"
      ],
      "engines": {
        "node": ">=16.20.0"
      }
    },
    "node_modules/@typescript/typescript-linux-arm": {
      "version": "7.0.2",
      "resolved": "https://registry.npmjs.org/@typescript/typescript-linux-arm/-/typescript-linux-arm-7.0.2.tgz",
      "integrity": "sha512-gffT3xPz9sR7j/YJExkyPntrI0P2EP9XbOyWzth2/Gs0RstK+90RBcO0ncXoXy/beYll1SXw846Nf2zdnEz0QQ==",
      "cpu": [
        "arm"
      ],
      "dev": true,
      "license": "Apache-2.0",
      "optional": true,
      "os": [
        "linux"
      ],
      "engines": {
        "node": ">=16.20.0"
      }
    },
    "node_modules/@typescript/typescript-linux-arm64": {
      "version": "7.0.2",
      "resolved": "https://registry.npmjs.org/@typescript/typescript-linux-arm64/-/typescript-linux-arm64-7.0.2.tgz",
      "integrity": "sha512-Qh4eU4/y3yDjnfjjyPYihMj5/ODIlmt+Bzu17OI+fiSRDW57QmU5SiN63exPRNJPKUzcc1INa1NXdrJ+MqHjUQ==",
      "cpu": [
        "arm64"
      ],
      "dev": true,
      "license": "Apache-2.0",
      "optional": true,
      "os": [
        "linux"
      ],
      "engines": {
        "node": ">=16.20.0"
      }
    },
    "node_modules/@typescript/typescript-linux-loong64": {
      "version": "7.0.2",
      "resolved": "https://registry.npmjs.org/@typescript/typescript-linux-loong64/-/typescript-linux-loong64-7.0.2.tgz",
      "integrity": "sha512-uEHck9i8hoAzXPiYRib1O7miOnz23SxIeVl6F4LXox+qov1K35jHcEW6VHKvZI+pyvl7fZEP4MCU5LYvIq1GuQ==",
      "cpu": [
        "loong64"
      ],
      "dev": true,
      "license": "Apache-2.0",
      "optional": true,
      "os": [
        "linux"
      ],
      "engines": {
        "node": ">=16.20.0"
      }
    },
    "node_modules/@typescript/typescript-linux-mips64el": {
      "version": "7.0.2",
      "resolved": "https://registry.npmjs.org/@typescript/typescript-linux-mips64el/-/typescript-linux-mips64el-7.0.2.tgz",
      "integrity": "sha512-R4KvAMnE43W5Qeqb0Ly56O3mWMWIAgsMyz36DCaycd5nbg/9kzm0liw3JocfRqyJY0KPmzFjbswozXyW0DnIYA==",
      "cpu": [
        "mips64el"
      ],
      "dev": true,
      "license": "Apache-2.0",
      "optional": true,
      "os": [
        "linux"
      ],
      "engines": {
        "node": ">=16.20.0"
      }
    },
    "node_modules/@typescript/typescript-linux-ppc64": {
      "version": "7.0.2",
      "resolved": "https://registry.npmjs.org/@typescript/typescript-linux-ppc64/-/typescript-linux-ppc64-7.0.2.tgz",
      "integrity": "sha512-DORx5b3sd/4S7eayxm4FQv+A7CrkUIGRaHiwI8oiHTAI1fAPWhF4J0vAlkC8biAlHSVVwxMQ3tjZ2/DVbnQiiA==",
      "cpu": [
        "ppc64"
      ],
      "dev": true,
      "license": "Apache-2.0",
      "optional": true,
      "os": [
        "linux"
      ],
      "engines": {
        "node": ">=16.20.0"
      }
    },
    "node_modules/@typescript/typescript-linux-riscv64": {
      "version": "7.0.2",
      "resolved": "https://registry.npmjs.org/@typescript/typescript-linux-riscv64/-/typescript-linux-riscv64-7.0.2.tgz",
      "integrity": "sha512-wf0jqEDOjrPRnKwYRyyJDRo11KMbvMFrU+q4zqKyChODBzvlkbhNQfKvLxQCcwTpdDaXSHZTVuh0JoCrKCUMHQ==",
      "cpu": [
        "riscv64"
      ],
      "dev": true,
      "license": "Apache-2.0",
      "optional": true,
      "os": [
        "linux"
      ],
      "engines": {
        "node": ">=16.20.0"
      }
    },
    "node_modules/@typescript/typescript-linux-s390x": {
      "version": "7.0.2",
      "resolved": "https://registry.npmjs.org/@typescript/typescript-linux-s390x/-/typescript-linux-s390x-7.0.2.tgz",
      "integrity": "sha512-IkwJc3L7yhytWd/ewjyxNDfOmswCm9GWMJT/ue/dU4aZNbwZeYAetq42VyLmsmSjvoX7z74X6ZaYCtzAr0EuGw==",
      "cpu": [
        "s390x"
      ],
      "dev": true,
      "license": "Apache-2.0",
      "optional": true,
      "os": [
        "linux"
      ],
      "engines": {
        "node": ">=16.20.0"
      }
    },
    "node_modules/@typescript/typescript-linux-x64": {
      "version": "7.0.2",
      "resolved": "https://registry.npmjs.org/@typescript/typescript-linux-x64/-/typescript-linux-x64-7.0.2.tgz",
      "integrity": "sha512-EYdf2cNg7rgCWJnxCdJ+F3V39O8ihb37eHAu1LK8oAFizgTQbPOK7zHHXbPt8rX24COqODXeI3sIf0fCXG7H/A==",
      "cpu": [
        "x64"
      ],
      "dev": true,
      "license": "Apache-2.0",
      "optional": true,
      "os": [
        "linux"
      ],
      "engines": {
        "node": ">=16.20.0"
      }
    },
    "node_modules/@typescript/typescript-netbsd-arm64": {
      "version": "7.0.2",
      "resolved": "https://registry.npmjs.org/@typescript/typescript-netbsd-arm64/-/typescript-netbsd-arm64-7.0.2.tgz",
      "integrity": "sha512-+polYF4MF04aPpO5FTkHran9yUQDSXqy5GiSDKpsll5jy3l3+g9QLhpf39T+ePtefhXLOGrLl0QIjkQP6VnelA==",
      "cpu": [
        "arm64"
      ],
      "dev": true,
      "license": "Apache-2.0",
      "optional": true,
      "os": [
        "netbsd"
      ],
      "engines": {
        "node": ">=16.20.0"
      }
    },
    "node_modules/@typescript/typescript-netbsd-x64": {
      "version": "7.0.2",
      "resolved": "https://registry.npmjs.org/@typescript/typescript-netbsd-x64/-/typescript-netbsd-x64-7.0.2.tgz",
      "integrity": "sha512-8YIT0EHM/3dq10ZOVF/A7pc/YSMtbcecct4rWtexrnSCHOPcpC2KTLXfTCR6vDpnSiY12heNb1GiN/wu+T/FyA==",
      "cpu": [
        "x64"
      ],
      "dev": true,
      "license": "Apache-2.0",
      "optional": true,
      "os": [
        "netbsd"
      ],
      "engines": {
        "node": ">=16.20.0"
      }
    },
    "node_modules/@typescript/typescript-openbsd-arm64": {
      "version": "7.0.2",
      "resolved": "https://registry.npmjs.org/@typescript/typescript-openbsd-arm64/-/typescript-openbsd-arm64-7.0.2.tgz",
      "integrity": "sha512-APT8+ClYnuYm1u9+kgGXoMj2VzWzcymwh2gNSQVySHfkRDGOTVkoWLjCmOQSaO+PoqQ57B0flRp9SA+7GnnkzQ==",
      "cpu": [
        "arm64"
      ],
      "dev": true,
      "license": "Apache-2.0",
      "optional": true,
      "os": [
        "openbsd"
      ],
      "engines": {
        "node": ">=16.20.0"
      }
    },
    "node_modules/@typescript/typescript-openbsd-x64": {
      "version": "7.0.2",
      "resolved": "https://registry.npmjs.org/@typescript/typescript-openbsd-x64/-/typescript-openbsd-x64-7.0.2.tgz",
      "integrity": "sha512-yX7s+Q0Dln0Dt9tEzZsAjXXR/+ytBM7AlglaqyeMPxQszJ1JhlJdZ6jLA+IzldHtflX81em7lDao1xXu+aRRkg==",
      "cpu": [
        "x64"
      ],
      "dev": true,
      "license": "Apache-2.0",
      "optional": true,
      "os": [
        "openbsd"
      ],
      "engines": {
        "node": ">=16.20.0"
      }
    },
    "node_modules/@typescript/typescript-sunos-x64": {
      "version": "7.0.2",
      "resolved": "https://registry.npmjs.org/@typescript/typescript-sunos-x64/-/typescript-sunos-x64-7.0.2.tgz",
      "integrity": "sha512-dLJDGaLZ1D4HPQn62u1n8mBDkJREwMsAkCdkwd4Ieqw+x3TUyTsqY0YiBCtE6H6OzzgGk3iuZ3vFWRS+E8/d1g==",
      "cpu": [
        "x64"
      ],
      "dev": true,
      "license": "Apache-2.0",
      "optional": true,
      "os": [
        "sunos"
      ],
      "engines": {
        "node": ">=16.20.0"
      }
    },
    "node_modules/@typescript/typescript-win32-arm64": {
      "version": "7.0.2",
      "resolved": "https://registry.npmjs.org/@typescript/typescript-win32-arm64/-/typescript-win32-arm64-7.0.2.tgz",
      "integrity": "sha512-Gyl1Vy6OsWesLzmq+EP0Fb7b4Nid5232AvcA2SFcdYreldpNtYFFofPjnt62y9hQy7VTaZp65ICJjuAQRaVcIQ==",
      "cpu": [
        "arm64"
      ],
      "dev": true,
      "license": "Apache-2.0",
      "optional": true,
      "os": [
        "win32"
      ],
      "engines": {
        "node": ">=16.20.0"
      }
    },
    "node_modules/@typescript/typescript-win32-x64": {
      "version": "7.0.2",
      "resolved": "https://registry.npmjs.org/@typescript/typescript-win32-x64/-/typescript-win32-x64-7.0.2.tgz",
      "integrity": "sha512-0BQ3HkAHHlKLSp1qRvf3SUhGpGsDuhB/jgFw75guyqbxJqEaS0Cw/VFO8i2nHglJUzQCRtMMR/IBAKE3ETMC4g==",
      "cpu": [
        "x64"
      ],
      "dev": true,
      "license": "Apache-2.0",
      "optional": true,
      "os": [
        "win32"
      ],
      "engines": {
        "node": ">=16.20.0"
      }
    },
    "node_modules/commander": {
      "version": "15.0.0",
      "resolved": "https://registry.npmjs.org/commander/-/commander-15.0.0.tgz",
      "integrity": "sha512-z67u4ZhzCL/Tydu1lJARtEZYWbWaN7oYLHbsuzocr6y4N6WZAagG3RQ4FW61V1/0+jImpj293XfrcYnd1qxtPg==",
      "license": "MIT",
      "engines": {
        "node": ">=22.12.0"
      }
    },
    "node_modules/typescript": {
      "version": "7.0.2",
      "resolved": "https://registry.npmjs.org/typescript/-/typescript-7.0.2.tgz",
      "integrity": "sha512-8FYau96o3NKOhbjKi/qNvG/W5jhzxkbdm5sj9AbZ/5T5sWqn3hJgLfGx27sRKZWTvyzCP8dLRBTf5tBTSRVUNA==",
      "dev": true,
      "license": "Apache-2.0",
      "bin": {
        "tsc": "bin/tsc"
      },
      "engines": {
        "node": ">=16.20.0"
      },
      "optionalDependencies": {
        "@typescript/typescript-aix-ppc64": "7.0.2",
        "@typescript/typescript-darwin-arm64": "7.0.2",
        "@typescript/typescript-darwin-x64": "7.0.2",
        "@typescript/typescript-freebsd-arm64": "7.0.2",
        "@typescript/typescript-freebsd-x64": "7.0.2",
        "@typescript/typescript-linux-arm": "7.0.2",
        "@typescript/typescript-linux-arm64": "7.0.2",
        "@typescript/typescript-linux-loong64": "7.0.2",
        "@typescript/typescript-linux-mips64el": "7.0.2",
        "@typescript/typescript-linux-ppc64": "7.0.2",
        "@typescript/typescript-linux-riscv64": "7.0.2",
        "@typescript/typescript-linux-s390x": "7.0.2",
        "@typescript/typescript-linux-x64": "7.0.2",
        "@typescript/typescript-netbsd-arm64": "7.0.2",
        "@typescript/typescript-netbsd-x64": "7.0.2",
        "@typescript/typescript-openbsd-arm64": "7.0.2",
        "@typescript/typescript-openbsd-x64": "7.0.2",
        "@typescript/typescript-sunos-x64": "7.0.2",
        "@typescript/typescript-win32-arm64": "7.0.2",
        "@typescript/typescript-win32-x64": "7.0.2"
      }
    },
    "node_modules/undici-types": {
      "version": "8.9.0",
      "resolved": "https://registry.npmjs.org/undici-types/-/undici-types-8.9.0.tgz",
      "integrity": "sha512-KTDyRTYX8sWmKXAikPHHSyc63CRPETMctyjKFupcC6OBLXT3xsN0e9aF7m+mIXutFWpUXuedtowG7iLOzp0kQg==",
      "dev": true,
      "license": "MIT"
    },
    "packages/cli-ka": {
      "name": "@maschinenlesbar.org/openka-cli-ka",
      "version": "0.0.1",
      "dependencies": {
        "@maschinenlesbar.org/openka-lib-errors": "0.0.1",
        "@maschinenlesbar.org/openka-lib-http": "0.0.1",
        "@maschinenlesbar.org/openka-lib-models": "0.0.1",
        "@maschinenlesbar.org/openka-lib-perceive": "0.0.1",
        "@maschinenlesbar.org/openka-lib-pipeline": "0.0.1",
        "@maschinenlesbar.org/openka-lib-registry": "0.0.1",
        "@maschinenlesbar.org/openka-lib-render": "0.0.1",
        "@maschinenlesbar.org/openka-lib-repro": "0.0.1",
        "@maschinenlesbar.org/openka-lib-search": "0.0.1",
        "@maschinenlesbar.org/openka-lib-store": "0.0.1",
        "@maschinenlesbar.org/openka-lib-text": "0.0.1",
        "@maschinenlesbar.org/openka-lib-verify": "0.0.1",
        "commander": "15.0.0"
      },
      "devDependencies": {
        "@maschinenlesbar.org/openka-cli-ka-factory": "0.0.1",
        "@maschinenlesbar.org/openka-connector-berlin": "0.0.1",
        "@maschinenlesbar.org/openka-lib-pardok": "0.0.1",
        "@maschinenlesbar.org/openka-lib-testing": "0.0.1"
      }
    },
    "packages/cli-ka-factory": {
      "name": "@maschinenlesbar.org/openka-cli-ka-factory",
      "version": "0.0.1",
      "dependencies": {
        "@maschinenlesbar.org/openka-cli-ka": "0.0.1",
        "@maschinenlesbar.org/openka-connector-niedersachsen": "0.0.1",
        "@maschinenlesbar.org/openka-lib-errors": "0.0.1",
        "@maschinenlesbar.org/openka-lib-extract": "0.0.1",
        "@maschinenlesbar.org/openka-lib-http": "0.0.1",
        "@maschinenlesbar.org/openka-lib-models": "0.0.1",
        "@maschinenlesbar.org/openka-lib-pdf": "0.0.1",
        "@maschinenlesbar.org/openka-lib-perceive": "0.0.1",
        "@maschinenlesbar.org/openka-lib-pipeline": "0.0.1",
        "@maschinenlesbar.org/openka-lib-registry": "0.0.1",
        "@maschinenlesbar.org/openka-lib-repro": "0.0.1",
        "@maschinenlesbar.org/openka-lib-store": "0.0.1",
        "@maschinenlesbar.org/openka-lib-verify": "0.0.1",
        "commander": "15.0.0"
      },
      "devDependencies": {
        "@maschinenlesbar.org/openka-lib-search": "0.0.1",
        "@maschinenlesbar.org/openka-lib-testing": "0.0.1"
      }
    },
    "packages/connector-baden-wuerttemberg": {
      "name": "@maschinenlesbar.org/openka-connector-baden-wuerttemberg",
      "version": "0.0.1",
      "dependencies": {
        "@maschinenlesbar.org/openka-lib-parlamentsspiegel": "0.0.1",
        "@maschinenlesbar.org/openka-lib-source": "0.0.1"
      }
    },
    "packages/connector-bayern": {
      "name": "@maschinenlesbar.org/openka-connector-bayern",
      "version": "0.0.1",
      "dependencies": {
        "@maschinenlesbar.org/openka-lib-parlamentsspiegel": "0.0.1",
        "@maschinenlesbar.org/openka-lib-source": "0.0.1"
      }
    },
    "packages/connector-berlin": {
      "name": "@maschinenlesbar.org/openka-connector-berlin",
      "version": "0.0.1",
      "dependencies": {
        "@maschinenlesbar.org/openka-lib-errors": "0.0.1",
        "@maschinenlesbar.org/openka-lib-pardok": "0.0.1",
        "@maschinenlesbar.org/openka-lib-source": "0.0.1",
        "@maschinenlesbar.org/openka-lib-store": "0.0.1"
      },
      "devDependencies": {
        "@maschinenlesbar.org/openka-lib-testing": "0.0.1"
      }
    },
    "packages/connector-brandenburg": {
      "name": "@maschinenlesbar.org/openka-connector-brandenburg",
      "version": "0.0.1",
      "dependencies": {
        "@maschinenlesbar.org/openka-lib-parlamentsspiegel": "0.0.1",
        "@maschinenlesbar.org/openka-lib-source": "0.0.1"
      }
    },
    "packages/connector-bremen": {
      "name": "@maschinenlesbar.org/openka-connector-bremen",
      "version": "0.0.1",
      "dependencies": {
        "@maschinenlesbar.org/openka-lib-parlamentsspiegel": "0.0.1",
        "@maschinenlesbar.org/openka-lib-source": "0.0.1"
      }
    },
    "packages/connector-bund": {
      "name": "@maschinenlesbar.org/openka-connector-bund",
      "version": "0.0.1",
      "dependencies": {
        "@maschinenlesbar.org/openka-lib-errors": "0.0.1",
        "@maschinenlesbar.org/openka-lib-extract": "0.0.1",
        "@maschinenlesbar.org/openka-lib-models": "0.0.1",
        "@maschinenlesbar.org/openka-lib-source": "0.0.1"
      },
      "devDependencies": {
        "@maschinenlesbar.org/openka-lib-testing": "0.0.1"
      }
    },
    "packages/connector-hamburg": {
      "name": "@maschinenlesbar.org/openka-connector-hamburg",
      "version": "0.0.1",
      "dependencies": {
        "@maschinenlesbar.org/openka-lib-parlamentsspiegel": "0.0.1",
        "@maschinenlesbar.org/openka-lib-source": "0.0.1"
      }
    },
    "packages/connector-hessen": {
      "name": "@maschinenlesbar.org/openka-connector-hessen",
      "version": "0.0.1",
      "dependencies": {
        "@maschinenlesbar.org/openka-lib-parlamentsspiegel": "0.0.1",
        "@maschinenlesbar.org/openka-lib-source": "0.0.1"
      }
    },
    "packages/connector-mecklenburg-vorpommern": {
      "name": "@maschinenlesbar.org/openka-connector-mecklenburg-vorpommern",
      "version": "0.0.1",
      "dependencies": {
        "@maschinenlesbar.org/openka-lib-extract": "0.0.1",
        "@maschinenlesbar.org/openka-lib-models": "0.0.1",
        "@maschinenlesbar.org/openka-lib-parlamentsspiegel": "0.0.1",
        "@maschinenlesbar.org/openka-lib-parldok": "0.0.1",
        "@maschinenlesbar.org/openka-lib-source": "0.0.1"
      },
      "devDependencies": {
        "@maschinenlesbar.org/openka-lib-testing": "0.0.1"
      }
    },
    "packages/connector-niedersachsen": {
      "name": "@maschinenlesbar.org/openka-connector-niedersachsen",
      "version": "0.0.1",
      "dependencies": {
        "@maschinenlesbar.org/openka-lib-models": "0.0.1",
        "@maschinenlesbar.org/openka-lib-parlamentsspiegel": "0.0.1",
        "@maschinenlesbar.org/openka-lib-source": "0.0.1"
      },
      "devDependencies": {
        "@maschinenlesbar.org/openka-cli-ka-factory": "0.0.1",
        "@maschinenlesbar.org/openka-lib-testing": "0.0.1"
      }
    },
    "packages/connector-nordrhein-westfalen": {
      "name": "@maschinenlesbar.org/openka-connector-nordrhein-westfalen",
      "version": "0.0.1",
      "dependencies": {
        "@maschinenlesbar.org/openka-lib-errors": "0.0.1",
        "@maschinenlesbar.org/openka-lib-parlamentsspiegel": "0.0.1",
        "@maschinenlesbar.org/openka-lib-source": "0.0.1"
      },
      "devDependencies": {
        "@maschinenlesbar.org/openka-lib-registry": "0.0.1",
        "@maschinenlesbar.org/openka-lib-testing": "0.0.1"
      }
    },
    "packages/connector-rheinland-pfalz": {
      "name": "@maschinenlesbar.org/openka-connector-rheinland-pfalz",
      "version": "0.0.1",
      "dependencies": {
        "@maschinenlesbar.org/openka-lib-parlamentsspiegel": "0.0.1",
        "@maschinenlesbar.org/openka-lib-source": "0.0.1"
      }
    },
    "packages/connector-saarland": {
      "name": "@maschinenlesbar.org/openka-connector-saarland",
      "version": "0.0.1",
      "dependencies": {
        "@maschinenlesbar.org/openka-lib-parlamentsspiegel": "0.0.1",
        "@maschinenlesbar.org/openka-lib-source": "0.0.1"
      },
      "devDependencies": {
        "@maschinenlesbar.org/openka-lib-testing": "0.0.1"
      }
    },
    "packages/connector-sachsen": {
      "name": "@maschinenlesbar.org/openka-connector-sachsen",
      "version": "0.0.1",
      "dependencies": {
        "@maschinenlesbar.org/openka-lib-errors": "0.0.1",
        "@maschinenlesbar.org/openka-lib-parlamentsspiegel": "0.0.1",
        "@maschinenlesbar.org/openka-lib-source": "0.0.1"
      },
      "devDependencies": {
        "@maschinenlesbar.org/openka-lib-testing": "0.0.1"
      }
    },
    "packages/connector-sachsen-anhalt": {
      "name": "@maschinenlesbar.org/openka-connector-sachsen-anhalt",
      "version": "0.0.1",
      "dependencies": {
        "@maschinenlesbar.org/openka-lib-parlamentsspiegel": "0.0.1",
        "@maschinenlesbar.org/openka-lib-source": "0.0.1"
      }
    },
    "packages/connector-schleswig-holstein": {
      "name": "@maschinenlesbar.org/openka-connector-schleswig-holstein",
      "version": "0.0.1",
      "dependencies": {
        "@maschinenlesbar.org/openka-lib-parlamentsspiegel": "0.0.1",
        "@maschinenlesbar.org/openka-lib-source": "0.0.1"
      }
    },
    "packages/connector-thueringen": {
      "name": "@maschinenlesbar.org/openka-connector-thueringen",
      "version": "0.0.1",
      "dependencies": {
        "@maschinenlesbar.org/openka-lib-extract": "0.0.1",
        "@maschinenlesbar.org/openka-lib-models": "0.0.1",
        "@maschinenlesbar.org/openka-lib-parlamentsspiegel": "0.0.1",
        "@maschinenlesbar.org/openka-lib-parldok": "0.0.1",
        "@maschinenlesbar.org/openka-lib-source": "0.0.1"
      },
      "devDependencies": {
        "@maschinenlesbar.org/openka-lib-testing": "0.0.1"
      }
    },
    "packages/lib-errors": {
      "name": "@maschinenlesbar.org/openka-lib-errors",
      "version": "0.0.1"
    },
    "packages/lib-extract": {
      "name": "@maschinenlesbar.org/openka-lib-extract",
      "version": "0.0.1",
      "dependencies": {
        "@maschinenlesbar.org/openka-lib-models": "0.0.1",
        "@maschinenlesbar.org/openka-lib-pdf": "0.0.1",
        "@maschinenlesbar.org/openka-lib-perceive": "0.0.1",
        "@maschinenlesbar.org/openka-lib-repro": "0.0.1"
      },
      "devDependencies": {
        "@maschinenlesbar.org/openka-connector-berlin": "0.0.1",
        "@maschinenlesbar.org/openka-lib-testing": "0.0.1"
      }
    },
    "packages/lib-http": {
      "name": "@maschinenlesbar.org/openka-lib-http",
      "version": "0.0.1",
      "dependencies": {
        "@maschinenlesbar.org/openka-lib-errors": "0.0.1",
        "@maschinenlesbar.org/openka-lib-text": "0.0.1"
      },
      "devDependencies": {
        "@maschinenlesbar.org/openka-lib-testing": "0.0.1"
      }
    },
    "packages/lib-models": {
      "name": "@maschinenlesbar.org/openka-lib-models",
      "version": "0.0.1",
      "dependencies": {
        "@maschinenlesbar.org/openka-lib-repro": "0.0.1"
      },
      "devDependencies": {
        "@maschinenlesbar.org/openka-cli-ka-factory": "0.0.1",
        "@maschinenlesbar.org/openka-lib-testing": "0.0.1"
      }
    },
    "packages/lib-pardok": {
      "name": "@maschinenlesbar.org/openka-lib-pardok",
      "version": "0.0.1",
      "dependencies": {
        "@maschinenlesbar.org/openka-lib-extract": "0.0.1",
        "@maschinenlesbar.org/openka-lib-models": "0.0.1",
        "@maschinenlesbar.org/openka-lib-source": "0.0.1"
      },
      "devDependencies": {
        "@maschinenlesbar.org/openka-lib-testing": "0.0.1"
      }
    },
    "packages/lib-parlamentsspiegel": {
      "name": "@maschinenlesbar.org/openka-lib-parlamentsspiegel",
      "version": "0.0.1",
      "dependencies": {
        "@maschinenlesbar.org/openka-lib-errors": "0.0.1",
        "@maschinenlesbar.org/openka-lib-extract": "0.0.1",
        "@maschinenlesbar.org/openka-lib-models": "0.0.1",
        "@maschinenlesbar.org/openka-lib-source": "0.0.1"
      },
      "devDependencies": {
        "@maschinenlesbar.org/openka-lib-testing": "0.0.1"
      }
    },
    "packages/lib-parldok": {
      "name": "@maschinenlesbar.org/openka-lib-parldok",
      "version": "0.0.1"
    },
    "packages/lib-pdf": {
      "name": "@maschinenlesbar.org/openka-lib-pdf",
      "version": "0.0.1",
      "dependencies": {
        "@maschinenlesbar.org/openka-lib-errors": "0.0.1",
        "@maschinenlesbar.org/openka-lib-text": "0.0.1"
      },
      "devDependencies": {
        "@maschinenlesbar.org/openka-connector-berlin": "0.0.1",
        "@maschinenlesbar.org/openka-lib-testing": "0.0.1"
      }
    },
    "packages/lib-perceive": {
      "name": "@maschinenlesbar.org/openka-lib-perceive",
      "version": "0.0.1",
      "dependencies": {
        "@maschinenlesbar.org/openka-lib-errors": "0.0.1",
        "@maschinenlesbar.org/openka-lib-models": "0.0.1",
        "@maschinenlesbar.org/openka-lib-repro": "0.0.1"
      },
      "peerDependencies": {
        "tesseract.js": ">=5"
      },
      "peerDependenciesMeta": {
        "tesseract.js": {
          "optional": true
        }
      }
    },
    "packages/lib-pipeline": {
      "name": "@maschinenlesbar.org/openka-lib-pipeline",
      "version": "0.0.1",
      "dependencies": {
        "@maschinenlesbar.org/openka-lib-errors": "0.0.1",
        "@maschinenlesbar.org/openka-lib-extract": "0.0.1",
        "@maschinenlesbar.org/openka-lib-http": "0.0.1",
        "@maschinenlesbar.org/openka-lib-models": "0.0.1",
        "@maschinenlesbar.org/openka-lib-perceive": "0.0.1",
        "@maschinenlesbar.org/openka-lib-repro": "0.0.1",
        "@maschinenlesbar.org/openka-lib-source": "0.0.1",
        "@maschinenlesbar.org/openka-lib-store": "0.0.1"
      }
    },
    "packages/lib-registry": {
      "name": "@maschinenlesbar.org/openka-lib-registry",
      "version": "0.0.1",
      "dependencies": {
        "@maschinenlesbar.org/openka-connector-baden-wuerttemberg": "0.0.1",
        "@maschinenlesbar.org/openka-connector-bayern": "0.0.1",
        "@maschinenlesbar.org/openka-connector-berlin": "0.0.1",
        "@maschinenlesbar.org/openka-connector-brandenburg": "0.0.1",
        "@maschinenlesbar.org/openka-connector-bremen": "0.0.1",
        "@maschinenlesbar.org/openka-connector-bund": "0.0.1",
        "@maschinenlesbar.org/openka-connector-hamburg": "0.0.1",
        "@maschinenlesbar.org/openka-connector-hessen": "0.0.1",
        "@maschinenlesbar.org/openka-connector-mecklenburg-vorpommern": "0.0.1",
        "@maschinenlesbar.org/openka-connector-niedersachsen": "0.0.1",
        "@maschinenlesbar.org/openka-connector-nordrhein-westfalen": "0.0.1",
        "@maschinenlesbar.org/openka-connector-rheinland-pfalz": "0.0.1",
        "@maschinenlesbar.org/openka-connector-saarland": "0.0.1",
        "@maschinenlesbar.org/openka-connector-sachsen": "0.0.1",
        "@maschinenlesbar.org/openka-connector-sachsen-anhalt": "0.0.1",
        "@maschinenlesbar.org/openka-connector-schleswig-holstein": "0.0.1",
        "@maschinenlesbar.org/openka-connector-thueringen": "0.0.1",
        "@maschinenlesbar.org/openka-lib-parlamentsspiegel": "0.0.1",
        "@maschinenlesbar.org/openka-lib-source": "0.0.1"
      },
      "devDependencies": {
        "@maschinenlesbar.org/openka-lib-models": "0.0.1"
      }
    },
    "packages/lib-render": {
      "name": "@maschinenlesbar.org/openka-lib-render",
      "version": "0.0.1",
      "dependencies": {
        "@maschinenlesbar.org/openka-lib-models": "0.0.1",
        "@maschinenlesbar.org/openka-lib-repro": "0.0.1",
        "@maschinenlesbar.org/openka-lib-text": "0.0.1"
      },
      "devDependencies": {
        "@maschinenlesbar.org/openka-lib-testing": "0.0.1"
      }
    },
    "packages/lib-repro": {
      "name": "@maschinenlesbar.org/openka-lib-repro",
      "version": "0.0.1"
    },
    "packages/lib-search": {
      "name": "@maschinenlesbar.org/openka-lib-search",
      "version": "0.0.1",
      "dependencies": {
        "@maschinenlesbar.org/openka-lib-errors": "0.0.1",
        "@maschinenlesbar.org/openka-lib-store": "0.0.1"
      },
      "devDependencies": {
        "@maschinenlesbar.org/openka-lib-repro": "0.0.1",
        "@maschinenlesbar.org/openka-lib-testing": "0.0.1"
      }
    },
    "packages/lib-source": {
      "name": "@maschinenlesbar.org/openka-lib-source",
      "version": "0.0.1",
      "dependencies": {
        "@maschinenlesbar.org/openka-lib-errors": "0.0.1",
        "@maschinenlesbar.org/openka-lib-extract": "0.0.1",
        "@maschinenlesbar.org/openka-lib-http": "0.0.1",
        "@maschinenlesbar.org/openka-lib-models": "0.0.1",
        "@maschinenlesbar.org/openka-lib-store": "0.0.1",
        "@maschinenlesbar.org/openka-lib-text": "0.0.1"
      },
      "devDependencies": {
        "@maschinenlesbar.org/openka-lib-testing": "0.0.1"
      }
    },
    "packages/lib-store": {
      "name": "@maschinenlesbar.org/openka-lib-store",
      "version": "0.0.1",
      "dependencies": {
        "@maschinenlesbar.org/openka-lib-errors": "0.0.1",
        "@maschinenlesbar.org/openka-lib-models": "0.0.1",
        "@maschinenlesbar.org/openka-lib-repro": "0.0.1"
      }
    },
    "packages/lib-testing": {
      "name": "@maschinenlesbar.org/openka-lib-testing",
      "version": "0.0.1",
      "dependencies": {
        "@maschinenlesbar.org/openka-lib-http": "0.0.1",
        "@maschinenlesbar.org/openka-lib-models": "0.0.1",
        "@maschinenlesbar.org/openka-lib-repro": "0.0.1",
        "@maschinenlesbar.org/openka-lib-store": "0.0.1"
      }
    },
    "packages/lib-text": {
      "name": "@maschinenlesbar.org/openka-lib-text",
      "version": "0.0.1"
    },
    "packages/lib-verify": {
      "name": "@maschinenlesbar.org/openka-lib-verify",
      "version": "0.0.1",
      "dependencies": {
        "@maschinenlesbar.org/openka-lib-extract": "0.0.1",
        "@maschinenlesbar.org/openka-lib-models": "0.0.1",
        "@maschinenlesbar.org/openka-lib-perceive": "0.0.1",
        "@maschinenlesbar.org/openka-lib-repro": "0.0.1",
        "@maschinenlesbar.org/openka-lib-store": "0.0.1"
      }
    }
  }
}
